
Microsoft Visual Studio Solution File, Format Version 12.00
# Visual Studio Version 17
VisualStudioVersion = 17.0.31717.71
MinimumVisualStudioVersion = 10.0.40219.1
Project("{9A19103F-16F7-4668-BE54-9A1E7A4F7556}") = "MongoWebApiStarter", "Source\MongoWebApiStarter.csproj", "{C0506BB2-B183-41A4-A2A9-F56619A5A1EC}"
EndProject
Project("{9A19103F-16F7-4668-BE54-9A1E7A4F7556}") = "MongoWebApiStarter.Tests", "Tests\MongoWebApiStarter.Tests.csproj", "{0C674FD7-792A-40E1-A516-D596F2DE5BED}"
EndProject
Global
	GlobalSection(SolutionConfigurationPlatforms) = preSolution
		Debug|Any CPU = Debug|Any CPU
		Release|Any CPU = Release|Any CPU
	EndGlobalSection
	GlobalSection(ProjectConfigurationPlatforms) = postSolution
		{C0506BB2-B183-41A4-A2A9-F56619A5A1EC}.Debug|Any CPU.ActiveCfg = Debug|Any CPU
		{C0506BB2-B183-41A4-A2A9-F56619A5A1EC}.Debug|Any CPU.Build.0 = Debug|Any CPU
		{C0506BB2-B183-41A4-A2A9-F56619A5A1EC}.Release|Any CPU.ActiveCfg = Release|Any CPU
		{C0506BB2-B183-41A4-A2A9-F56619A5A1EC}.Release|Any CPU.Build.0 = Release|Any CPU
		{0C674FD7-792A-40E1-A516-D596F2DE5BED}.Debug|Any CPU.ActiveCfg = Debug|Any CPU
		{0C674FD7-792A-40E1-A516-D596F2DE5BED}.Debug|Any CPU.Build.0 = Debug|Any CPU
		{0C674FD7-792A-40E1-A516-D596F2DE5BED}.Release|Any CPU.ActiveCfg = Release|Any CPU
		{0C674FD7-792A-40E1-A516-D596F2DE5BED}.Release|Any CPU.Build.0 = Release|Any CPU
	EndGlobalSection
	GlobalSection(SolutionProperties) = preSolution
		HideSolutionNode = FALSE
	EndGlobalSection
	GlobalSection(ExtensibilityGlobals) = postSolution
		SolutionGuid = {9AFBBA8D-AFEE-47DD-8CC2-24BAF4F1A315}
	EndGlobalSection
EndGlobal
